
Microsoft Visual Studio Solution File, Format Version 12.00
# Visual Studio Version 16
VisualStudioVersion = 16.0.31205.134
MinimumVisualStudioVersion = 10.0.40219.1
Project("{9A19103F-16F7-4668-BE54-9A1E7A4F7556}") = "YahooDiscordClient", "YahooDiscordClient.csproj", "{ECC087BB-D258-4167-9A28-175D72C6029D}"
EndProject
Global
	GlobalSection(SolutionConfigurationPlatforms) = preSolution
		Debug|Any CPU = Debug|Any CPU
		Release|Any CPU = Release|Any CPU
	EndGlobalSection
	GlobalSection(ProjectConfigurationPlatforms) = postSolution
		{ECC087BB-D258-4167-9A28-175D72C6029D}.Debug|Any CPU.ActiveCfg = Debug|Any CPU
		{ECC087BB-D258-4167-9A28-175D72C6029D}.Debug|Any CPU.Build.0 = Debug|Any CPU
		{ECC087BB-D258-4167-9A28-175D72C6029D}.Release|Any CPU.ActiveCfg = Release|Any CPU
		{ECC087BB-D258-4167-9A28-175D72C6029D}.Release|Any CPU.Build.0 = Release|Any CPU
	EndGlobalSection
	GlobalSection(SolutionProperties) = preSolution
		HideSolutionNode = FALSE
	EndGlobalSection
	GlobalSection(ExtensibilityGlobals) = postSolution
		SolutionGuid = {58C882A3-E739-44C6-8167-CE5AC89F004B}
	EndGlobalSection
EndGlobal
